// !$*UTF8*$!
{
	archiveVersion = 1;
	classes = {
	};
	objectVersion = 46;
	objects = {

/* Begin PBXBuildFile section */
		2689D1641749A9F3001542E7 /* UIKit.framework in Frameworks */ = {isa = PBXBuildFile; fileRef = 2689D1631749A9F3001542E7 /* UIKit.framework */; };
		2689D1661749A9F3001542E7 /* Foundation.framework in Frameworks */ = {isa = PBXBuildFile; fileRef = 2689D1651749A9F3001542E7 /* Foundation.framework */; };
		2689D1681749A9F3001542E7 /* CoreGraphics.framework in Frameworks */ = {isa = PBXBuildFile; fileRef = 2689D1671749A9F3001542E7 /* CoreGraphics.framework */; };
		2689D16E1749A9F3001542E7 /* InfoPlist.strings in Resources */ = {isa = PBXBuildFile; fileRef = 2689D16C1749A9F3001542E7 /* InfoPlist.strings */; };
		2689D1701749A9F3001542E7 /* main.m in Sources */ = {isa = PBXBuildFile; fileRef = 2689D16F1749A9F3001542E7 /* main.m */; };
		2689D1741749A9F3001542E7 /* PZAppDelegate.m in Sources */ = {isa = PBXBuildFile; fileRef = 2689D1731749A9F3001542E7 /* PZAppDelegate.m */; };
		2689D1761749A9F3001542E7 /* Default.png in Resources */ = {isa = PBXBuildFile; fileRef = 2689D1751749A9F3001542E7 /* Default.png */; };
		2689D1781749A9F3001542E7 /* Default@2x.png in Resources */ = {isa = PBXBuildFile; fileRef = 2689D1771749A9F3001542E7 /* Default@2x.png */; };
		2689D17A1749A9F3001542E7 /* Default-568h@2x.png in Resources */ = {isa = PBXBuildFile; fileRef = 2689D1791749A9F3001542E7 /* Default-568h@2x.png */; };
		2689D17D1749A9F3001542E7 /* PZViewController.m in Sources */ = {isa = PBXBuildFile; fileRef = 2689D17C1749A9F3001542E7 /* PZViewController.m */; };
		2689D1801749A9F3001542E7 /* PZViewController.xib in Resources */ = {isa = PBXBuildFile; fileRef = 2689D17E1749A9F3001542E7 /* PZViewController.xib */; };
		2689D18B1749AA92001542E7 /* UIResponder+lockdown.m in Sources */ = {isa = PBXBuildFile; fileRef = 2689D18A1749AA92001542E7 /* UIResponder+lockdown.m */; };
/* End PBXBuildFile section */

/* Begin PBXFileReference section */
		2689D1601749A9F3001542E7 /* lockdown.app */ = {isa = PBXFileReference; explicitFileType = wrapper.application; includeInIndex = 0; path = lockdown.app; sourceTree = BUILT_PRODUCTS_DIR; };
		2689D1631749A9F3001542E7 /* UIKit.framework */ = {isa = PBXFileReference; lastKnownFileType = wrapper.framework; name = UIKit.framework; path = System/Library/Frameworks/UIKit.framework; sourceTree = SDKROOT; };
		2689D1651749A9F3001542E7 /* Foundation.framework */ = {isa = PBXFileReference; lastKnownFileType = wrapper.framework; name = Foundation.framework; path = System/Library/Frameworks/Foundation.framework; sourceTree = SDKROOT; };
		2689D1671749A9F3001542E7 /* CoreGraphics.framework */ = {isa = PBXFileReference; lastKnownFileType = wrapper.framework; name = CoreGraphics.framework; path = System/Library/Frameworks/CoreGraphics.framework; sourceTree = SDKROOT; };
		2689D16B1749A9F3001542E7 /* lockdown-Info.plist */ = {isa = PBXFileReference; lastKnownFileType = text.plist.xml; path = "lockdown-Info.plist"; sourceTree = "<group>"; };
		2689D16D1749A9F3001542E7 /* en */ = {isa = PBXFileReference; lastKnownFileType = text.plist.strings; name = en; path = en.lproj/InfoPlist.strings; sourceTree = "<group>"; };
		2689D16F1749A9F3001542E7 /* main.m */ = {isa = PBXFileReference; lastKnownFileType = sourcecode.c.objc; path = main.m; sourceTree = "<group>"; };
		2689D1711749A9F3001542E7 /* lockdown-Prefix.pch */ = {isa = PBXFileReference; lastKnownFileType = sourcecode.c.h; path = "lockdown-Prefix.pch"; sourceTree = "<group>"; };
		2689D1721749A9F3001542E7 /* PZAppDelegate.h */ = {isa = PBXFileReference; lastKnownFileType = sourcecode.c.h; path = PZAppDelegate.h; sourceTree = "<group>"; };
		2689D1731749A9F3001542E7 /* PZAppDelegate.m */ = {isa = PBXFileReference; lastKnownFileType = sourcecode.c.objc; path = PZAppDelegate.m; sourceTree = "<group>"; };
		2689D1751749A9F3001542E7 /* Default.png */ = {isa = PBXFileReference; lastKnownFileType = image.png; path = Default.png; sourceTree = "<group>"; };
		2689D1771749A9F3001542E7 /* Default@2x.png */ = {isa = PBXFileReference; lastKnownFileType = image.png; path = "Default@2x.png"; sourceTree = "<group>"; };
		2689D1791749A9F3001542E7 /* Default-568h@2x.png */ = {isa = PBXFileReference; lastKnownFileType = image.png; path = "Default-568h@2x.png"; sourceTree = "<group>"; };
		2689D17B1749A9F3001542E7 /* PZViewController.h */ = {isa = PBXFileReference; lastKnownFileType = sourcecode.c.h; path = PZViewController.h; sourceTree = "<group>"; };
		2689D17C1749A9F3001542E7 /* PZViewController.m */ = {isa = PBXFileReference; lastKnownFileType = sourcecode.c.objc; path = PZViewController.m; sourceTree = "<group>"; };
		2689D17F1749A9F3001542E7 /* en */ = {isa = PBXFileReference; lastKnownFileType = file.xib; name = en; path = en.lproj/PZViewController.xib; sourceTree = "<group>"; };
		2689D1891749AA92001542E7 /* UIResponder+lockdown.h */ = {isa = PBXFileReference; fileEncoding = 4; lastKnownFileType = sourcecode.c.h; path = "UIResponder+lockdown.h"; sourceTree = "<group>"; };
		2689D18A1749AA92001542E7 /* UIResponder+lockdown.m */ = {isa = PBXFileReference; fileEncoding = 4; lastKnownFileType = sourcecode.c.objc; path = "UIResponder+lockdown.m"; sourceTree = "<group>"; };
/* End PBXFileReference section */

/* Begin PBXFrameworksBuildPhase section */
		2689D15D1749A9F3001542E7 /* Frameworks */ = {
			isa = PBXFrameworksBuildPhase;
			buildActionMask = 2147483647;
			files = (
				2689D1641749A9F3001542E7 /* UIKit.framework in Frameworks */,
				2689D1661749A9F3001542E7 /* Foundation.framework in Frameworks */,
				2689D1681749A9F3001542E7 /* CoreGraphics.framework in Frameworks */,
			);
			runOnlyForDeploymentPostprocessing = 0;
		};
/* End PBXFrameworksBuildPhase section */

/* Begin PBXGroup section */
		2689D1571749A9F3001542E7 = {
			isa = PBXGroup;
			children = (
				2689D1691749A9F3001542E7 /* lockdown */,
				2689D1621749A9F3001542E7 /* Frameworks */,
				2689D1611749A9F3001542E7 /* Products */,
			);
			sourceTree = "<group>";
		};
		2689D1611749A9F3001542E7 /* Products */ = {
			isa = PBXGroup;
			children = (
				2689D1601749A9F3001542E7 /* lockdown.app */,
			);
			name = Products;
			sourceTree = "<group>";
		};
		2689D1621749A9F3001542E7 /* Frameworks */ = {
			isa = PBXGroup;
			children = (
				2689D1631749A9F3001542E7 /* UIKit.framework */,
				2689D1651749A9F3001542E7 /* Foundation.framework */,
				2689D1671749A9F3001542E7 /* CoreGraphics.framework */,
			);
			name = Frameworks;
			sourceTree = "<group>";
		};
		2689D1691749A9F3001542E7 /* lockdown */ = {
			isa = PBXGroup;
			children = (
				2689D1721749A9F3001542E7 /* PZAppDelegate.h */,
				2689D1731749A9F3001542E7 /* PZAppDelegate.m */,
				2689D17B1749A9F3001542E7 /* PZViewController.h */,
				2689D17C1749A9F3001542E7 /* PZViewController.m */,
				2689D17E1749A9F3001542E7 /* PZViewController.xib */,
				2689D16A1749A9F3001542E7 /* Supporting Files */,
				2689D1891749AA92001542E7 /* UIResponder+lockdown.h */,
				2689D18A1749AA92001542E7 /* UIResponder+lockdown.m */,
			);
			path = lockdown;
			sourceTree = "<group>";
		};
		2689D16A1749A9F3001542E7 /* Supporting Files */ = {
			isa = PBXGroup;
			children = (
				2689D16B1749A9F3001542E7 /* lockdown-Info.plist */,
				2689D16C1749A9F3001542E7 /* InfoPlist.strings */,
				2689D16F1749A9F3001542E7 /* main.m */,
				2689D1711749A9F3001542E7 /* lockdown-Prefix.pch */,
				2689D1751749A9F3001542E7 /* Default.png */,
				2689D1771749A9F3001542E7 /* Default@2x.png */,
				2689D1791749A9F3001542E7 /* Default-568h@2x.png */,
			);
			name = "Supporting Files";
			sourceTree = "<group>";
		};
/* End PBXGroup section */

/* Begin PBXNativeTarget section */
		2689D15F1749A9F3001542E7 /* lockdown */ = {
			isa = PBXNativeTarget;
			buildConfigurationList = 2689D1861749A9F3001542E7 /* Build configuration list for PBXNativeTarget "lockdown" */;
			buildPhases = (
				2689D15C1749A9F3001542E7 /* Sources */,
				2689D15D1749A9F3001542E7 /* Frameworks */,
				2689D15E1749A9F3001542E7 /* Resources */,
			);
			buildRules = (
			);
			dependencies = (
			);
			name = lockdown;
			productName = lockdown;
			productReference = 2689D1601749A9F3001542E7 /* lockdown.app */;
			productType = "com.apple.product-type.application";
		};
/* End PBXNativeTarget section */

/* Begin PBXProject section */
		2689D1581749A9F3001542E7 /* Project object */ = {
			isa = PBXProject;
			attributes = {
				CLASSPREFIX = PZ;
				LastUpgradeCheck = 0460;
				ORGANIZATIONNAME = pzearfoss;
			};
			buildConfigurationList = 2689D15B1749A9F3001542E7 /* Build configuration list for PBXProject "lockdown" */;
			compatibilityVersion = "Xcode 3.2";
			developmentRegion = English;
			hasScannedForEncodings = 0;
			knownRegions = (
				en,
			);
			mainGroup = 2689D1571749A9F3001542E7;
			productRefGroup = 2689D1611749A9F3001542E7 /* Products */;
			projectDirPath = "";
			projectRoot = "";
			targets = (
				2689D15F1749A9F3001542E7 /* lockdown */,
			);
		};
/* End PBXProject section */

/* Begin PBXResourcesBuildPhase section */
		2689D15E1749A9F3001542E7 /* Resources */ = {
			isa = PBXResourcesBuildPhase;
			buildActionMask = 2147483647;
			files = (
				2689D16E1749A9F3001542E7 /* InfoPlist.strings in Resources */,
				2689D1761749A9F3001542E7 /* Default.png in Resources */,
				2689D1781749A9F3001542E7 /* Default@2x.png in Resources */,
				2689D17A1749A9F3001542E7 /* Default-568h@2x.png in Resources */,
				2689D1801749A9F3001542E7 /* PZViewController.xib in Resources */,
			);
			runOnlyForDeploymentPostprocessing = 0;
		};
/* End PBXResourcesBuildPhase section */

/* Begin PBXSourcesBuildPhase section */
		2689D15C1749A9F3001542E7 /* Sources */ = {
			isa = PBXSourcesBuildPhase;
			buildActionMask = 2147483647;
			files = (
				2689D1701749A9F3001542E7 /* main.m in Sources */,
				2689D1741749A9F3001542E7 /* PZAppDelegate.m in Sources */,
				2689D17D1749A9F3001542E7 /* PZViewController.m in Sources */,
				2689D18B1749AA92001542E7 /* UIResponder+lockdown.m in Sources */,
			);
			runOnlyForDeploymentPostprocessing = 0;
		};
/* End PBXSourcesBuildPhase section */

/* Begin PBXVariantGroup section */
		2689D16C1749A9F3001542E7 /* InfoPlist.strings */ = {
			isa = PBXVariantGroup;
			children = (
				2689D16D1749A9F3001542E7 /* en */,
			);
			name = InfoPlist.strings;
			sourceTree = "<group>";
		};
		2689D17E1749A9F3001542E7 /* PZViewController.xib */ = {
			isa = PBXVariantGroup;
			children = (
				2689D17F1749A9F3001542E7 /* en */,
			);
			name = PZViewController.xib;
			sourceTree = "<group>";
		};
/* End PBXVariantGroup section */

/* Begin XCBuildConfiguration section */
		2689D1841749A9F3001542E7 /* Debug */ = {
			isa = XCBuildConfiguration;
			buildSettings = {
				ALWAYS_SEARCH_USER_PATHS = NO;
				CLANG_CXX_LANGUAGE_STANDARD = "gnu++0x";
				CLANG_CXX_LIBRARY = "libc++";
				CLANG_ENABLE_OBJC_ARC = YES;
				CLANG_WARN_CONSTANT_CONVERSION = YES;
				CLANG_WARN_EMPTY_BODY = YES;
				CLANG_WARN_ENUM_CONVERSION = YES;
				CLANG_WARN_INT_CONVERSION = YES;
				CLANG_WARN__DUPLICATE_METHOD_MATCH = YES;
				"CODE_SIGN_IDENTITY[sdk=iphoneos*]" = "iPhone Developer";
				COPY_PHASE_STRIP = NO;
				GCC_C_LANGUAGE_STANDARD = gnu99;
				GCC_DYNAMIC_NO_PIC = NO;
				GCC_OPTIMIZATION_LEVEL = 0;
				GCC_PREPROCESSOR_DEFINITIONS = (
					"DEBUG=1",
					"$(inherited)",
				);
				GCC_SYMBOLS_PRIVATE_EXTERN = NO;
				GCC_WARN_ABOUT_RETURN_TYPE = YES;
				GCC_WARN_UNINITIALIZED_AUTOS = YES;
				GCC_WARN_UNUSED_VARIABLE = YES;
				IPHONEOS_DEPLOYMENT_TARGET = 6.1;
				ONLY_ACTIVE_ARCH = YES;
				SDKROOT = iphoneos;
				TARGETED_DEVICE_FAMILY = "1,2";
			};
			name = Debug;
		};
		2689D1851749A9F3001542E7 /* Release */ = {
			isa = XCBuildConfiguration;
			buildSettings = {
				ALWAYS_SEARCH_USER_PATHS = NO;
				CLANG_CXX_LANGUAGE_STANDARD = "gnu++0x";
				CLANG_CXX_LIBRARY = "libc++";
				CLANG_ENABLE_OBJC_ARC = YES;
				CLANG_WARN_CONSTANT_CONVERSION = YES;
				CLANG_WARN_EMPTY_BODY = YES;
				CLANG_WARN_ENUM_CONVERSION = YES;
				CLANG_WARN_INT_CONVERSION = YES;
				CLANG_WARN__DUPLICATE_METHOD_MATCH = YES;
				"CODE_SIGN_IDENTITY[sdk=iphoneos*]" = "iPhone Developer";
				COPY_PHASE_STRIP = YES;
				GCC_C_LANGUAGE_STANDARD = gnu99;
				GCC_WARN_ABOUT_RETURN_TYPE = YES;
				GCC_WARN_UNINITIALIZED_AUTOS = YES;
				GCC_WARN_UNUSED_VARIABLE = YES;
				IPHONEOS_DEPLOYMENT_TARGET = 6.1;
				OTHER_CFLAGS = "-DNS_BLOCK_ASSERTIONS=1";
				SDKROOT = iphoneos;
				TARGETED_DEVICE_FAMILY = "1,2";
				VALIDATE_PRODUCT = YES;
			};
			name = Release;
		};
		2689D1871749A9F3001542E7 /* Debug */ = {
			isa = XCBuildConfiguration;
			buildSettings = {
				GCC_PRECOMPILE_PREFIX_HEADER = YES;
				GCC_PREFIX_HEADER = "lockdown/lockdown-Prefix.pch";
				INFOPLIST_FILE = "lockdown/lockdown-Info.plist";
				PRODUCT_NAME = "$(TARGET_NAME)";
				TARGETED_DEVICE_FAMILY = 1;
				WRAPPER_EXTENSION = app;
			};
			name = Debug;
		};
		2689D1881749A9F3001542E7 /* Release */ = {
			isa = XCBuildConfiguration;
			buildSettings = {
				GCC_PRECOMPILE_PREFIX_HEADER = YES;
				GCC_PREFIX_HEADER = "lockdown/lockdown-Prefix.pch";
				INFOPLIST_FILE = "lockdown/lockdown-Info.plist";
				PRODUCT_NAME = "$(TARGET_NAME)";
				TARGETED_DEVICE_FAMILY = 1;
				WRAPPER_EXTENSION = app;
			};
			name = Release;
		};
/* End XCBuildConfiguration section */

/* Begin XCConfigurationList section */
		2689D15B1749A9F3001542E7 /* Build configuration list for PBXProject "lockdown" */ = {
			isa = XCConfigurationList;
			buildConfigurations = (
				2689D1841749A9F3001542E7 /* Debug */,
				2689D1851749A9F3001542E7 /* Release */,
			);
			defaultConfigurationIsVisible = 0;
			defaultConfigurationName = Release;
		};
		2689D1861749A9F3001542E7 /* Build configuration list for PBXNativeTarget "lockdown" */ = {
			isa = XCConfigurationList;
			buildConfigurations = (
				2689D1871749A9F3001542E7 /* Debug */,
				2689D1881749A9F3001542E7 /* Release */,
			);
			defaultConfigurationIsVisible = 0;
		};
/* End XCConfigurationList section */
	};
	rootObject = 2689D1581749A9F3001542E7 /* Project object */;
}
